Microsoft Visual Studio Solution File, Format Version 12.00
# Visual Studio Version 17
VisualStudioVersion = 17.5.2.0
MinimumVisualStudioVersion = 10.0.40219.1
Project("{FAE04EC0-301F-11D3-BF4B-00C04F79EFBC}") = "WeddingPhotos.Api", "WeddingPhotos.Api\WeddingPhotos.Api.csproj", "{08D43EA3-2898-F344-ED90-AA1D827CF5EF}"
EndProject
Project("{FAE04EC0-301F-11D3-BF4B-00C04F79EFBC}") = "WeddingPhotos.Domain", "WeddingPhotos.Domain\WeddingPhotos.Domain.csproj", "{68ABE1EC-B625-8D47-1F5F-A2933832EE41}"
EndProject
Project("{FAE04EC0-301F-11D3-BF4B-00C04F79EFBC}") = "WeddingPhotos.Infrastructure", "WeddingPhotos.Infrastructure\WeddingPhotos.Infrastructure.csproj", "{DF209D64-8B82-900A-FACA-46BB3920E447}"
EndProject
Global
	GlobalSection(SolutionConfigurationPlatforms) = preSolution
		Debug|Any CPU = Debug|Any CPU
		Release|Any CPU = Release|Any CPU
	EndGlobalSection
	GlobalSection(ProjectConfigurationPlatforms) = postSolution
		{08D43EA3-2898-F344-ED90-AA1D827CF5EF}.Debug|Any CPU.ActiveCfg = Debug|Any CPU
		{08D43EA3-2898-F344-ED90-AA1D827CF5EF}.Debug|Any CPU.Build.0 = Debug|Any CPU
		{08D43EA3-2898-F344-ED90-AA1D827CF5EF}.Release|Any CPU.ActiveCfg = Release|Any CPU
		{08D43EA3-2898-F344-ED90-AA1D827CF5EF}.Release|Any CPU.Build.0 = Release|Any CPU
		{68ABE1EC-B625-8D47-1F5F-A2933832EE41}.Debug|Any CPU.ActiveCfg = Debug|Any CPU
		{68ABE1EC-B625-8D47-1F5F-A2933832EE41}.Debug|Any CPU.Build.0 = Debug|Any CPU
		{68ABE1EC-B625-8D47-1F5F-A2933832EE41}.Release|Any CPU.ActiveCfg = Release|Any CPU
		{68ABE1EC-B625-8D47-1F5F-A2933832EE41}.Release|Any CPU.Build.0 = Release|Any CPU
		{DF209D64-8B82-900A-FACA-46BB3920E447}.Debug|Any CPU.ActiveCfg = Debug|Any CPU
		{DF209D64-8B82-900A-FACA-46BB3920E447}.Debug|Any CPU.Build.0 = Debug|Any CPU
		{DF209D64-8B82-900A-FACA-46BB3920E447}.Release|Any CPU.ActiveCfg = Release|Any CPU
		{DF209D64-8B82-900A-FACA-46BB3920E447}.Release|Any CPU.Build.0 = Release|Any CPU
	EndGlobalSection
	GlobalSection(SolutionProperties) = preSolution
		HideSolutionNode = FALSE
	EndGlobalSection
	GlobalSection(ExtensibilityGlobals) = postSolution
		SolutionGuid = {FFD5BB37-9D2E-4BA6-9D67-09D3BEC5966E}
	EndGlobalSection
EndGlobal
